// !$*UTF8*$!
{
	archiveVersion = 1;
	classes = {
	};
	objectVersion = 50;
	objects = {

/* Begin PBXBuildFile section */
		8A04E5BE2632FDE9009FA3FF /* SignInViewController.swift in Sources */ = {isa = PBXBuildFile; fileRef = 8A04E5BD2632FDE9009FA3FF /* SignInViewController.swift */; };
		8A04E5C12632FE11009FA3FF /* SignUpViewController.swift in Sources */ = {isa = PBXBuildFile; fileRef = 8A04E5C02632FE11009FA3FF /* SignUpViewController.swift */; };
		8A8159672626F4D0009516B6 /* ExpensesViewController.swift in Sources */ = {isa = PBXBuildFile; fileRef = 8A8159662626F4CE009516B6 /* ExpensesViewController.swift */; };
		8A9BCE1F2627377E005539C4 /* ProfileViewController.swift in Sources */ = {isa = PBXBuildFile; fileRef = 8A9BCE1E2627377E005539C4 /* ProfileViewController.swift */; };
		8AB3D03A2628CDA100973892 /* SearchViewController.swift in Sources */ = {isa = PBXBuildFile; fileRef = 8AB3D0392628CDA100973892 /* SearchViewController.swift */; };
		8AB3D0412629038600973892 /* SearchTableViewCell.swift in Sources */ = {isa = PBXBuildFile; fileRef = 8AB3D0402629038600973892 /* SearchTableViewCell.swift */; };
		8AB3D044262910EC00973892 /* ExchangeViewController.swift in Sources */ = {isa = PBXBuildFile; fileRef = 8AB3D043262910EC00973892 /* ExchangeViewController.swift */; };
		8AB3D0472629112B00973892 /* ExchangeTableViewCell.swift in Sources */ = {isa = PBXBuildFile; fileRef = 8AB3D0462629112B00973892 /* ExchangeTableViewCell.swift */; };
		8AC437ED261DB8F200307D87 /* HomeTableViewCell.swift in Sources */ = {isa = PBXBuildFile; fileRef = 8AC437EC261DB8F200307D87 /* HomeTableViewCell.swift */; };
		8ACAFB5C261C93CD0029FF4A /* AppDelegate.swift in Sources */ = {isa = PBXBuildFile; fileRef = 8ACAFB5B261C93CD0029FF4A /* AppDelegate.swift */; };
		8ACAFB5E261C93CD0029FF4A /* SceneDelegate.swift in Sources */ = {isa = PBXBuildFile; fileRef = 8ACAFB5D261C93CD0029FF4A /* SceneDelegate.swift */; };
		8ACAFB60261C93CD0029FF4A /* ViewController.swift in Sources */ = {isa = PBXBuildFile; fileRef = 8ACAFB5F261C93CD0029FF4A /* ViewController.swift */; };
		8ACAFB63261C93CD0029FF4A /* Main.storyboard in Resources */ = {isa = PBXBuildFile; fileRef = 8ACAFB61261C93CD0029FF4A /* Main.storyboard */; };
		8ACAFB65261C94C20029FF4A /* Assets.xcassets in Resources */ = {isa = PBXBuildFile; fileRef = 8ACAFB64261C94C20029FF4A /* Assets.xcassets */; };
		8ACAFB68261C94C20029FF4A /* LaunchScreen.storyboard in Resources */ = {isa = PBXBuildFile; fileRef = 8ACAFB66261C94C20029FF4A /* LaunchScreen.storyboard */; };
/* End PBXBuildFile section */

/* Begin PBXFileReference section */
		8A04E5BD2632FDE9009FA3FF /* SignInViewController.swift */ = {isa = PBXFileReference; lastKnownFileType = sourcecode.swift; path = SignInViewController.swift; sourceTree = "<group>"; };
		8A04E5C02632FE11009FA3FF /* SignUpViewController.swift */ = {isa = PBXFileReference; lastKnownFileType = sourcecode.swift; path = SignUpViewController.swift; sourceTree = "<group>"; };
		8A8159662626F4CE009516B6 /* ExpensesViewController.swift */ = {isa = PBXFileReference; lastKnownFileType = sourcecode.swift; path = ExpensesViewController.swift; sourceTree = "<group>"; };
		8A9BCE1E2627377E005539C4 /* ProfileViewController.swift */ = {isa = PBXFileReference; lastKnownFileType = sourcecode.swift; path = ProfileViewController.swift; sourceTree = "<group>"; };
		8AB3D0392628CDA100973892 /* SearchViewController.swift */ = {isa = PBXFileReference; lastKnownFileType = sourcecode.swift; path = SearchViewController.swift; sourceTree = "<group>"; };
		8AB3D0402629038600973892 /* SearchTableViewCell.swift */ = {isa = PBXFileReference; lastKnownFileType = sourcecode.swift; path = SearchTableViewCell.swift; sourceTree = "<group>"; };
		8AB3D043262910EC00973892 /* ExchangeViewController.swift */ = {isa = PBXFileReference; lastKnownFileType = sourcecode.swift; path = ExchangeViewController.swift; sourceTree = "<group>"; };
		8AB3D0462629112B00973892 /* ExchangeTableViewCell.swift */ = {isa = PBXFileReference; lastKnownFileType = sourcecode.swift; path = ExchangeTableViewCell.swift; sourceTree = "<group>"; };
		8AC437EC261DB8F200307D87 /* HomeTableViewCell.swift */ = {isa = PBXFileReference; lastKnownFileType = sourcecode.swift; path = HomeTableViewCell.swift; sourceTree = "<group>"; };
		8ACAFB58261C93CD0029FF4A /* MultiSecreenApp.app */ = {isa = PBXFileReference; explicitFileType = wrapper.application; includeInIndex = 0; path = MultiSecreenApp.app; sourceTree = BUILT_PRODUCTS_DIR; };
		8ACAFB5B261C93CD0029FF4A /* AppDelegate.swift */ = {isa = PBXFileReference; lastKnownFileType = sourcecode.swift; path = AppDelegate.swift; sourceTree = "<group>"; };
		8ACAFB5D261C93CD0029FF4A /* SceneDelegate.swift */ = {isa = PBXFileReference; lastKnownFileType = sourcecode.swift; path = SceneDelegate.swift; sourceTree = "<group>"; };
		8ACAFB5F261C93CD0029FF4A /* ViewController.swift */ = {isa = PBXFileReference; lastKnownFileType = sourcecode.swift; path = ViewController.swift; sourceTree = "<group>"; };
		8ACAFB62261C93CD0029FF4A /* Base */ = {isa = PBXFileReference; lastKnownFileType = file.storyboard; name = Base; path = Base.lproj/Main.storyboard; sourceTree = "<group>"; };
		8ACAFB64261C94C20029FF4A /* Assets.xcassets */ = {isa = PBXFileReference; lastKnownFileType = folder.assetcatalog; path = Assets.xcassets; sourceTree = "<group>"; };
		8ACAFB67261C94C20029FF4A /* Base */ = {isa = PBXFileReference; lastKnownFileType = file.storyboard; name = Base; path = Base.lproj/LaunchScreen.storyboard; sourceTree = "<group>"; };
		8ACAFB69261C94C20029FF4A /* Info.plist */ = {isa = PBXFileReference; lastKnownFileType = text.plist.xml; path = Info.plist; sourceTree = "<group>"; };
/* End PBXFileReference section */

/* Begin PBXFrameworksBuildPhase section */
		8ACAFB55261C93CD0029FF4A /* Frameworks */ = {
			isa = PBXFrameworksBuildPhase;
			buildActionMask = 2147483647;
			files = (
			);
			runOnlyForDeploymentPostprocessing = 0;
		};
/* End PBXFrameworksBuildPhase section */

/* Begin PBXGroup section */
		8ACAFB4F261C93CC0029FF4A = {
			isa = PBXGroup;
			children = (
				8ACAFB5A261C93CD0029FF4A /* MultiSecreenApp */,
				8ACAFB59261C93CD0029FF4A /* Products */,
			);
			sourceTree = "<group>";
		};
		8ACAFB59261C93CD0029FF4A /* Products */ = {
			isa = PBXGroup;
			children = (
				8ACAFB58261C93CD0029FF4A /* MultiSecreenApp.app */,
			);
			name = Products;
			sourceTree = "<group>";
		};
		8ACAFB5A261C93CD0029FF4A /* MultiSecreenApp */ = {
			isa = PBXGroup;
			children = (
				8ACAFB5B261C93CD0029FF4A /* AppDelegate.swift */,
				8ACAFB5D261C93CD0029FF4A /* SceneDelegate.swift */,
				8ACAFB5F261C93CD0029FF4A /* ViewController.swift */,
				8ACAFB61261C93CD0029FF4A /* Main.storyboard */,
				8A04E5BD2632FDE9009FA3FF /* SignInViewController.swift */,
				8A04E5C02632FE11009FA3FF /* SignUpViewController.swift */,
				8AB3D0462629112B00973892 /* ExchangeTableViewCell.swift */,
				8AB3D043262910EC00973892 /* ExchangeViewController.swift */,
				8AB3D0392628CDA100973892 /* SearchViewController.swift */,
				8A9BCE1E2627377E005539C4 /* ProfileViewController.swift */,
				8A8159662626F4CE009516B6 /* ExpensesViewController.swift */,
				8AC437EC261DB8F200307D87 /* HomeTableViewCell.swift */,
				8AB3D0402629038600973892 /* SearchTableViewCell.swift */,
				8ACAFB64261C94C20029FF4A /* Assets.xcassets */,
				8ACAFB66261C94C20029FF4A /* LaunchScreen.storyboard */,
				8ACAFB69261C94C20029FF4A /* Info.plist */,
			);
			path = MultiSecreenApp;
			sourceTree = "<group>";
		};
/* End PBXGroup section */

/* Begin PBXNativeTarget section */
		8ACAFB57261C93CD0029FF4A /* MultiSecreenApp */ = {
			isa = PBXNativeTarget;
			buildConfigurationList = 8ACAFB6C261C94C20029FF4A /* Build configuration list for PBXNativeTarget "MultiSecreenApp" */;
			buildPhases = (
				8ACAFB54261C93CD0029FF4A /* Sources */,
				8ACAFB55261C93CD0029FF4A /* Frameworks */,
				8ACAFB56261C93CD0029FF4A /* Resources */,
			);
			buildRules = (
			);
			dependencies = (
			);
			name = MultiSecreenApp;
			productName = MultiSecreenApp;
			productReference = 8ACAFB58261C93CD0029FF4A /* MultiSecreenApp.app */;
			productType = "com.apple.product-type.application";
		};
/* End PBXNativeTarget section */

/* Begin PBXProject section */
		8ACAFB50261C93CC0029FF4A /* Project object */ = {
			isa = PBXProject;
			attributes = {
				LastSwiftUpdateCheck = 1240;
				LastUpgradeCheck = 1240;
				TargetAttributes = {
					8ACAFB57261C93CD0029FF4A = {
						CreatedOnToolsVersion = 12.4;
					};
				};
			};
			buildConfigurationList = 8ACAFB53261C93CC0029FF4A /* Build configuration list for PBXProject "MultiSecreenApp" */;
			compatibilityVersion = "Xcode 9.3";
			developmentRegion = en;
			hasScannedForEncodings = 0;
			knownRegions = (
				en,
				Base,
			);
			mainGroup = 8ACAFB4F261C93CC0029FF4A;
			productRefGroup = 8ACAFB59261C93CD0029FF4A /* Products */;
			projectDirPath = "";
			projectRoot = "";
			targets = (
				8ACAFB57261C93CD0029FF4A /* MultiSecreenApp */,
			);
		};
/* End PBXProject section */

/* Begin PBXResourcesBuildPhase section */
		8ACAFB56261C93CD0029FF4A /* Resources */ = {
			isa = PBXResourcesBuildPhase;
			buildActionMask = 2147483647;
			files = (
				8ACAFB68261C94C20029FF4A /* LaunchScreen.storyboard in Resources */,
				8ACAFB65261C94C20029FF4A /* Assets.xcassets in Resources */,
				8ACAFB63261C93CD0029FF4A /* Main.storyboard in Resources */,
			);
			runOnlyForDeploymentPostprocessing = 0;
		};
/* End PBXResourcesBuildPhase section */

/* Begin PBXSourcesBuildPhase section */
		8ACAFB54261C93CD0029FF4A /* Sources */ = {
			isa = PBXSourcesBuildPhase;
			buildActionMask = 2147483647;
			files = (
				8A04E5BE2632FDE9009FA3FF /* SignInViewController.swift in Sources */,
				8A9BCE1F2627377E005539C4 /* ProfileViewController.swift in Sources */,
				8AB3D03A2628CDA100973892 /* SearchViewController.swift in Sources */,
				8ACAFB60261C93CD0029FF4A /* ViewController.swift in Sources */,
				8ACAFB5C261C93CD0029FF4A /* AppDelegate.swift in Sources */,
				8AB3D044262910EC00973892 /* ExchangeViewController.swift in Sources */,
				8A04E5C12632FE11009FA3FF /* SignUpViewController.swift in Sources */,
				8AC437ED261DB8F200307D87 /* HomeTableViewCell.swift in Sources */,
				8AB3D0412629038600973892 /* SearchTableViewCell.swift in Sources */,
				8A8159672626F4D0009516B6 /* ExpensesViewController.swift in Sources */,
				8AB3D0472629112B00973892 /* ExchangeTableViewCell.swift in Sources */,
				8ACAFB5E261C93CD0029FF4A /* SceneDelegate.swift in Sources */,
			);
			runOnlyForDeploymentPostprocessing = 0;
		};
/* End PBXSourcesBuildPhase section */

/* Begin PBXVariantGroup section */
		8ACAFB61261C93CD0029FF4A /* Main.storyboard */ = {
			isa = PBXVariantGroup;
			children = (
				8ACAFB62261C93CD0029FF4A /* Base */,
			);
			name = Main.storyboard;
			sourceTree = "<group>";
		};
		8ACAFB66261C94C20029FF4A /* LaunchScreen.storyboard */ = {
			isa = PBXVariantGroup;
			children = (
				8ACAFB67261C94C20029FF4A /* Base */,
			);
			name = LaunchScreen.storyboard;
			sourceTree = "<group>";
		};
/* End PBXVariantGroup section */

/* Begin XCBuildConfiguration section */
		8ACAFB6A261C94C20029FF4A /* Debug */ = {
			isa = XCBuildConfiguration;
			buildSettings = {
				ALWAYS_SEARCH_USER_PATHS = NO;
				CLANG_ANALYZER_NONNULL = YES;
				CLANG_ANALYZER_NUMBER_OBJECT_CONVERSION = YES_AGGRESSIVE;
				CLANG_CXX_LANGUAGE_STANDARD = "gnu++14";
				CLANG_CXX_LIBRARY = "libc++";
				CLANG_ENABLE_MODULES = YES;
				CLANG_ENABLE_OBJC_ARC = YES;
				CLANG_ENABLE_OBJC_WEAK = YES;
				CLANG_WARN_BLOCK_CAPTURE_AUTORELEASING = YES;
				CLANG_WARN_BOOL_CONVERSION = YES;
				CLANG_WARN_COMMA = YES;
				CLANG_WARN_CONSTANT_CONVERSION = YES;
				CLANG_WARN_DEPRECATED_OBJC_IMPLEMENTATIONS = YES;
				CLANG_WARN_DIRECT_OBJC_ISA_USAGE = YES_ERROR;
				CLANG_WARN_DOCUMENTATION_COMMENTS = YES;
				CLANG_WARN_EMPTY_BODY = YES;
				CLANG_WARN_ENUM_CONVERSION = YES;
				CLANG_WARN_INFINITE_RECURSION = YES;
				CLANG_WARN_INT_CONVERSION = YES;
				CLANG_WARN_NON_LITERAL_NULL_CONVERSION = YES;
				CLANG_WARN_OBJC_IMPLICIT_RETAIN_SELF = YES;
				CLANG_WARN_OBJC_LITERAL_CONVERSION = YES;
				CLANG_WARN_OBJC_ROOT_CLASS = YES_ERROR;
				CLANG_WARN_QUOTED_INCLUDE_IN_FRAMEWORK_HEADER = YES;
				CLANG_WARN_RANGE_LOOP_ANALYSIS = YES;
				CLANG_WARN_STRICT_PROTOTYPES = YES;
				CLANG_WARN_SUSPICIOUS_MOVE = YES;
				CLANG_WARN_UNGUARDED_AVAILABILITY = YES_AGGRESSIVE;
				CLANG_WARN_UNREACHABLE_CODE = YES;
				CLANG_WARN__DUPLICATE_METHOD_MATCH = YES;
				COPY_PHASE_STRIP = NO;
				DEBUG_INFORMATION_FORMAT = dwarf;
				ENABLE_STRICT_OBJC_MSGSEND = YES;
				ENABLE_TESTABILITY = YES;
				GCC_C_LANGUAGE_STANDARD = gnu11;
				GCC_DYNAMIC_NO_PIC = NO;
				GCC_NO_COMMON_BLOCKS = YES;
				GCC_OPTIMIZATION_LEVEL = 0;
				GCC_PREPROCESSOR_DEFINITIONS = (
					"DEBUG=1",
					"$(inherited)",
				);
				GCC_WARN_64_TO_32_BIT_CONVERSION = YES;
				GCC_WARN_ABOUT_RETURN_TYPE = YES_ERROR;
				GCC_WARN_UNDECLARED_SELECTOR = YES;
				GCC_WARN_UNINITIALIZED_AUTOS = YES_AGGRESSIVE;
				GCC_WARN_UNUSED_FUNCTION = YES;
				GCC_WARN_UNUSED_VARIABLE = YES;
				IPHONEOS_DEPLOYMENT_TARGET = 14.4;
				MTL_ENABLE_DEBUG_INFO = INCLUDE_SOURCE;
				MTL_FAST_MATH = YES;
				ONLY_ACTIVE_ARCH = YES;
				SDKROOT = iphoneos;
				SWIFT_ACTIVE_COMPILATION_CONDITIONS = DEBUG;
				SWIFT_OPTIMIZATION_LEVEL = "-Onone";
			};
			name = Debug;
		};
		8ACAFB6B261C94C20029FF4A /* Release */ = {
			isa = XCBuildConfiguration;
			buildSettings = {
				ALWAYS_SEARCH_USER_PATHS = NO;
				CLANG_ANALYZER_NONNULL = YES;
				CLANG_ANALYZER_NUMBER_OBJECT_CONVERSION = YES_AGGRESSIVE;
				CLANG_CXX_LANGUAGE_STANDARD = "gnu++14";
				CLANG_CXX_LIBRARY = "libc++";
				CLANG_ENABLE_MODULES = YES;
				CLANG_ENABLE_OBJC_ARC = YES;
				CLANG_ENABLE_OBJC_WEAK = YES;
				CLANG_WARN_BLOCK_CAPTURE_AUTORELEASING = YES;
				CLANG_WARN_BOOL_CONVERSION = YES;
				CLANG_WARN_COMMA = YES;
				CLANG_WARN_CONSTANT_CONVERSION = YES;
				CLANG_WARN_DEPRECATED_OBJC_IMPLEMENTATIONS = YES;
				CLANG_WARN_DIRECT_OBJC_ISA_USAGE = YES_ERROR;
				CLANG_WARN_DOCUMENTATION_COMMENTS = YES;
				CLANG_WARN_EMPTY_BODY = YES;
				CLANG_WARN_ENUM_CONVERSION = YES;
				CLANG_WARN_INFINITE_RECURSION = YES;
				CLANG_WARN_INT_CONVERSION = YES;
				CLANG_WARN_NON_LITERAL_NULL_CONVERSION = YES;
				CLANG_WARN_OBJC_IMPLICIT_RETAIN_SELF = YES;
				CLANG_WARN_OBJC_LITERAL_CONVERSION = YES;
				CLANG_WARN_OBJC_ROOT_CLASS = YES_ERROR;
				CLANG_WARN_QUOTED_INCLUDE_IN_FRAMEWORK_HEADER = YES;
				CLANG_WARN_RANGE_LOOP_ANALYSIS = YES;
				CLANG_WARN_STRICT_PROTOTYPES = YES;
				CLANG_WARN_SUSPICIOUS_MOVE = YES;
				CLANG_WARN_UNGUARDED_AVAILABILITY = YES_AGGRESSIVE;
				CLANG_WARN_UNREACHABLE_CODE = YES;
				CLANG_WARN__DUPLICATE_METHOD_MATCH = YES;
				COPY_PHASE_STRIP = NO;
				DEBUG_INFORMATION_FORMAT = "dwarf-with-dsym";
				ENABLE_NS_ASSERTIONS = NO;
				ENABLE_STRICT_OBJC_MSGSEND = YES;
				GCC_C_LANGUAGE_STANDARD = gnu11;
				GCC_NO_COMMON_BLOCKS = YES;
				GCC_WARN_64_TO_32_BIT_CONVERSION = YES;
				GCC_WARN_ABOUT_RETURN_TYPE = YES_ERROR;
				GCC_WARN_UNDECLARED_SELECTOR = YES;
				GCC_WARN_UNINITIALIZED_AUTOS = YES_AGGRESSIVE;
				GCC_WARN_UNUSED_FUNCTION = YES;
				GCC_WARN_UNUSED_VARIABLE = YES;
				IPHONEOS_DEPLOYMENT_TARGET = 14.4;
				MTL_ENABLE_DEBUG_INFO = NO;
				MTL_FAST_MATH = YES;
				SDKROOT = iphoneos;
				SWIFT_COMPILATION_MODE = wholemodule;
				SWIFT_OPTIMIZATION_LEVEL = "-O";
				VALIDATE_PRODUCT = YES;
			};
			name = Release;
		};
		8ACAFB6D261C94C20029FF4A /* Debug */ = {
			isa = XCBuildConfiguration;
			buildSettings = {
				ASSETCATALOG_COMPILER_APPICON_NAME = AppIcon;
				ASSETCATALOG_COMPILER_GLOBAL_ACCENT_COLOR_NAME = AccentColor;
				CODE_SIGN_STYLE = Automatic;
				DEVELOPMENT_TEAM = XF93Q72M79;
				INFOPLIST_FILE = MultiSecreenApp/Info.plist;
				LD_RUNPATH_SEARCH_PATHS = (
					"$(inherited)",
					"@executable_path/Frameworks",
				);
				PRODUCT_BUNDLE_IDENTIFIER = com.omarmattr.MultiSecreenApp;
				PRODUCT_NAME = "$(TARGET_NAME)";
				SWIFT_VERSION = 5.0;
				TARGETED_DEVICE_FAMILY = "1,2";
			};
			name = Debug;
		};
		8ACAFB6E261C94C20029FF4A /* Release */ = {
			isa = XCBuildConfiguration;
			buildSettings = {
				ASSETCATALOG_COMPILER_APPICON_NAME = AppIcon;
				ASSETCATALOG_COMPILER_GLOBAL_ACCENT_COLOR_NAME = AccentColor;
				CODE_SIGN_STYLE = Automatic;
				DEVELOPMENT_TEAM = XF93Q72M79;
				INFOPLIST_FILE = MultiSecreenApp/Info.plist;
				LD_RUNPATH_SEARCH_PATHS = (
					"$(inherited)",
					"@executable_path/Frameworks",
				);
				PRODUCT_BUNDLE_IDENTIFIER = com.omarmattr.MultiSecreenApp;
				PRODUCT_NAME = "$(TARGET_NAME)";
				SWIFT_VERSION = 5.0;
				TARGETED_DEVICE_FAMILY = "1,2";
			};
			name = Release;
		};
/* End XCBuildConfiguration section */

/* Begin XCConfigurationList section */
		8ACAFB53261C93CC0029FF4A /* Build configuration list for PBXProject "MultiSecreenApp" */ = {
			isa = XCConfigurationList;
			buildConfigurations = (
				8ACAFB6A261C94C20029FF4A /* Debug */,
				8ACAFB6B261C94C20029FF4A /* Release */,
			);
			defaultConfigurationIsVisible = 0;
			defaultConfigurationName = Release;
		};
		8ACAFB6C261C94C20029FF4A /* Build configuration list for PBXNativeTarget "MultiSecreenApp" */ = {
			isa = XCConfigurationList;
			buildConfigurations = (
				8ACAFB6D261C94C20029FF4A /* Debug */,
				8ACAFB6E261C94C20029FF4A /* Release */,
			);
			defaultConfigurationIsVisible = 0;
			defaultConfigurationName = Release;
		};
/* End XCConfigurationList section */
	};
	rootObject = 8ACAFB50261C93CC0029FF4A /* Project object */;
}
